{
  "name": "exercise-2018",
  "version": "1.0.0",
  "lockfileVersion": 1,
  "requires": true,
  "dependencies": {
    "dedent": {
      "version": "0.7.0",
      "resolved": "https://registry.npmjs.org/dedent/-/dedent-0.7.0.tgz",
      "integrity": "sha1-JJXduvbrh0q7Dhvp3yLS5aVEMmw="
    },
    "sax": {
      "version": "1.2.4",
      "resolved": "https://registry.npmjs.org/sax/-/sax-1.2.4.tgz",
      "integrity": "sha512-NqVDv9TpANUjFm0N8uM5GxL36UgKi9/atZw+x7YFnQ8ckwFGKrl4xX4yWtrey3UJm5nP1kUbnYgLopqWNSRhWw=="
    },
    "xml-js": {
      "version": "1.6.7",
      "resolved": "https://registry.npmjs.org/xml-js/-/xml-js-1.6.7.tgz",
      "integrity": "sha512-1hn0xwwfMcWywnJxqiOXiv+pZaOJyf/YWcUeqJICF0BFb+IOkRFSkKyeA0V62WqTHXNdBxNuCFHhS/w2DtYpoA==",
      "requires": {
        "sax": "1.2.4"
      }
    }
  }
}
